
Microsoft Visual Studio Solution File, Format Version 12.00
# Visual Studio Version 16
VisualStudioVersion = 16.0.29009.5
MinimumVisualStudioVersion = 10.0.40219.1
Project("{FAE04EC0-301F-11D3-BF4B-00C04F79EFBC}") = "Conexionprueba", "Conexionprueba\Conexionprueba.csproj", "{197579CB-1F2C-400F-9DE3-692BAAA7A736}"
EndProject
Global
	GlobalSection(SolutionConfigurationPlatforms) = preSolution
		Debug|Any CPU = Debug|Any CPU
		Release|Any CPU = Release|Any CPU
	EndGlobalSection
	GlobalSection(ProjectConfigurationPlatforms) = postSolution
		{197579CB-1F2C-400F-9DE3-692BAAA7A736}.Debug|Any CPU.ActiveCfg = Debug|Any CPU
		{197579CB-1F2C-400F-9DE3-692BAAA7A736}.Debug|Any CPU.Build.0 = Debug|Any CPU
		{197579CB-1F2C-400F-9DE3-692BAAA7A736}.Release|Any CPU.ActiveCfg = Release|Any CPU
		{197579CB-1F2C-400F-9DE3-692BAAA7A736}.Release|Any CPU.Build.0 = Release|Any CPU
	EndGlobalSection
	GlobalSection(SolutionProperties) = preSolution
		HideSolutionNode = FALSE
	EndGlobalSection
	GlobalSection(ExtensibilityGlobals) = postSolution
		SolutionGuid = {79DCDC44-6286-4D61-9201-AA9A66449C21}
	EndGlobalSection
EndGlobal
